Microsoft Visual Studio Solution File, Format Version 9.00
# Visual C++ Express 2005
Project("{8BC9CEB8-8B4A-11D0-8D11-00A0C91BC942}") = "snalp", "snalp.vcproj", "{E3B1662B-03B8-4676-B75F-62970C3D302D}"
EndProject
Project("{8BC9CEB8-8B4A-11D0-8D11-00A0C91BC942}") = "libsqlite3", "libsqlite3\libsqlite3.vcproj", "{B555CA1B-8BC2-41F6-BB30-725E3C5C0B7A}"
EndProject
Global
	GlobalSection(SolutionConfigurationPlatforms) = preSolution
		Debug|Win32 = Debug|Win32
		Release|Win32 = Release|Win32
	EndGlobalSection
	GlobalSection(ProjectConfigurationPlatforms) = postSolution
		{E3B1662B-03B8-4676-B75F-62970C3D302D}.Debug|Win32.ActiveCfg = Debug|Win32
		{E3B1662B-03B8-4676-B75F-62970C3D302D}.Debug|Win32.Build.0 = Debug|Win32
		{E3B1662B-03B8-4676-B75F-62970C3D302D}.Release|Win32.ActiveCfg = Release|Win32
		{E3B1662B-03B8-4676-B75F-62970C3D302D}.Release|Win32.Build.0 = Release|Win32
		{B555CA1B-8BC2-41F6-BB30-725E3C5C0B7A}.Debug|Win32.ActiveCfg = Debug|Win32
		{B555CA1B-8BC2-41F6-BB30-725E3C5C0B7A}.Debug|Win32.Build.0 = Debug|Win32
		{B555CA1B-8BC2-41F6-BB30-725E3C5C0B7A}.Release|Win32.ActiveCfg = Release|Win32
		{B555CA1B-8BC2-41F6-BB30-725E3C5C0B7A}.Release|Win32.Build.0 = Release|Win32
	EndGlobalSection
	GlobalSection(SolutionProperties) = preSolution
		HideSolutionNode = FALSE
	EndGlobalSection
EndGlobal
